
Microsoft Visual Studio Solution File, Format Version 12.00
# Visual Studio Version 16
VisualStudioVersion = 16.0.29509.3
MinimumVisualStudioVersion = 10.0.40219.1
Project("{FAE04EC0-301F-11D3-BF4B-00C04F79EFBC}") = "OWTeams", "OWTeams\OWTeams.csproj", "{97F3ABB4-4959-4D76-8AFC-2CEC12D7CB2C}"
EndProject
Global
	GlobalSection(SolutionConfigurationPlatforms) = preSolution
		Debug|Any CPU = Debug|Any CPU
		Release|Any CPU = Release|Any CPU
	EndGlobalSection
	GlobalSection(ProjectConfigurationPlatforms) = postSolution
		{97F3ABB4-4959-4D76-8AFC-2CEC12D7CB2C}.Debug|Any CPU.ActiveCfg = Debug|Any CPU
		{97F3ABB4-4959-4D76-8AFC-2CEC12D7CB2C}.Debug|Any CPU.Build.0 = Debug|Any CPU
		{97F3ABB4-4959-4D76-8AFC-2CEC12D7CB2C}.Release|Any CPU.ActiveCfg = Release|Any CPU
		{97F3ABB4-4959-4D76-8AFC-2CEC12D7CB2C}.Release|Any CPU.Build.0 = Release|Any CPU
	EndGlobalSection
	GlobalSection(SolutionProperties) = preSolution
		HideSolutionNode = FALSE
	EndGlobalSection
	GlobalSection(ExtensibilityGlobals) = postSolution
		SolutionGuid = {0487861C-D304-4E5C-83A0-7003A97FF5E3}
	EndGlobalSection
EndGlobal
